// !$*UTF8*$!
{
	archiveVersion = 1;
	classes = {
	};
	objectVersion = 51;
	objects = {

/* Begin PBXBuildFile section */
		0A21E4862608BC74003D89C6 /* DJPerson.m in Sources */ = {isa = PBXBuildFile; fileRef = 0A21E4852608BC74003D89C6 /* DJPerson.m */; };
		0A21E49E2608BE88003D89C6 /* Arithmetic.swift in Sources */ = {isa = PBXBuildFile; fileRef = 0A21E49D2608BE88003D89C6 /* Arithmetic.swift */; };
		0A799C3D260D83A700213C98 /* DJView.m in Sources */ = {isa = PBXBuildFile; fileRef = 0A799C3C260D83A700213C98 /* DJView.m */; };
		0A799C43260D8A7D00213C98 /* DJButton.m in Sources */ = {isa = PBXBuildFile; fileRef = 0A799C42260D8A7C00213C98 /* DJButton.m */; };
		0AAB2DBE2611826B00F8B6DF /* JJSwift.swift in Sources */ = {isa = PBXBuildFile; fileRef = 0AAB2DBD2611826B00F8B6DF /* JJSwift.swift */; };
		0AAB2DC42611839A00F8B6DF /* DJProperty.m in Sources */ = {isa = PBXBuildFile; fileRef = 0AAB2DC32611839A00F8B6DF /* DJProperty.m */; };
		0AAB2DCA261183DC00F8B6DF /* DJCategory.m in Sources */ = {isa = PBXBuildFile; fileRef = 0AAB2DC9261183DC00F8B6DF /* DJCategory.m */; };
		0AAB2DD32611843B00F8B6DF /* DJKVO.m in Sources */ = {isa = PBXBuildFile; fileRef = 0AAB2DD22611843B00F8B6DF /* DJKVO.m */; };
		0AAB2DDF2611886F00F8B6DF /* DJRuntime.m in Sources */ = {isa = PBXBuildFile; fileRef = 0AAB2DDD2611886F00F8B6DF /* DJRuntime.m */; };
		0AAB2DF22611897000F8B6DF /* DJUserCenter.m in Sources */ = {isa = PBXBuildFile; fileRef = 0AAB2DEA2611897000F8B6DF /* DJUserCenter.m */; };
		0AAB2DF32611897000F8B6DF /* DJGCD.m in Sources */ = {isa = PBXBuildFile; fileRef = 0AAB2DEF2611897000F8B6DF /* DJGCD.m */; };
		0AAB2DF42611897000F8B6DF /* DJLock.m in Sources */ = {isa = PBXBuildFile; fileRef = 0AAB2DF02611897000F8B6DF /* DJLock.m */; };
		0AAB2DF52611897000F8B6DF /* DJRunLoop.m in Sources */ = {isa = PBXBuildFile; fileRef = 0AAB2DF12611897000F8B6DF /* DJRunLoop.m */; };
		0AAE1DD12615632B005FA49F /* DJViewController.m in Sources */ = {isa = PBXBuildFile; fileRef = 0AAE1DD02615632B005FA49F /* DJViewController.m */; };
		0ADFFFB9262D74BE00EB86B8 /* CPMessageBall.m in Sources */ = {isa = PBXBuildFile; fileRef = 0ADFFFB3262D74BE00EB86B8 /* CPMessageBall.m */; };
		0ADFFFBA262D74BE00EB86B8 /* CPPluginScreenRecorder+DeviceInput.m in Sources */ = {isa = PBXBuildFile; fileRef = 0ADFFFB5262D74BE00EB86B8 /* CPPluginScreenRecorder+DeviceInput.m */; };
		0ADFFFBB262D74BE00EB86B8 /* CPPluginScreenRecorder.m in Sources */ = {isa = PBXBuildFile; fileRef = 0ADFFFB7262D74BE00EB86B8 /* CPPluginScreenRecorder.m */; };
		0AE563D5260D998B00B1E047 /* UIButton+HitRect.m in Sources */ = {isa = PBXBuildFile; fileRef = 0AE563D4260D998B00B1E047 /* UIButton+HitRect.m */; };
		0AE563DD260D9C3B00B1E047 /* DJBlock.m in Sources */ = {isa = PBXBuildFile; fileRef = 0AE563DC260D9C3B00B1E047 /* DJBlock.m */; };
		1D02018A25FDF6D800FB10A2 /* AppDelegate.swift in Sources */ = {isa = PBXBuildFile; fileRef = 1D02018925FDF6D800FB10A2 /* AppDelegate.swift */; };
		1D02018C25FDF6D800FB10A2 /* SceneDelegate.swift in Sources */ = {isa = PBXBuildFile; fileRef = 1D02018B25FDF6D800FB10A2 /* SceneDelegate.swift */; };
		1D02018E25FDF6D800FB10A2 /* ViewController.swift in Sources */ = {isa = PBXBuildFile; fileRef = 1D02018D25FDF6D800FB10A2 /* ViewController.swift */; };
		1D02019125FDF6D800FB10A2 /* Main.storyboard in Resources */ = {isa = PBXBuildFile; fileRef = 1D02018F25FDF6D800FB10A2 /* Main.storyboard */; };
		1D02019325FDF6D800FB10A2 /* Assets.xcassets in Resources */ = {isa = PBXBuildFile; fileRef = 1D02019225FDF6D800FB10A2 /* Assets.xcassets */; };
		1D02019625FDF6D800FB10A2 /* LaunchScreen.storyboard in Resources */ = {isa = PBXBuildFile; fileRef = 1D02019425FDF6D800FB10A2 /* LaunchScreen.storyboard */; };
		1D0201A125FDF6D900FB10A2 /* DJDeveloperLogTests.swift in Sources */ = {isa = PBXBuildFile; fileRef = 1D0201A025FDF6D900FB10A2 /* DJDeveloperLogTests.swift */; };
		1D0201AC25FDF6D900FB10A2 /* DJDeveloperLogUITests.swift in Sources */ = {isa = PBXBuildFile; fileRef = 1D0201AB25FDF6D900FB10A2 /* DJDeveloperLogUITests.swift */; };
		5682A1FA99B2D87DF22C1B14 /* Pods_DJDeveloperLog_DJDeveloperLogUITests.framework in Frameworks */ = {isa = PBXBuildFile; fileRef = 6B47C867CBA9524FB1AEAD3E /* Pods_DJDeveloperLog_DJDeveloperLogUITests.framework */; };
		662AB041CB48E6782A22972D /* Pods_DJDeveloperLog.framework in Frameworks */ = {isa = PBXBuildFile; fileRef = 586BA63C88D98C290668F2EE /* Pods_DJDeveloperLog.framework */; };
		7310B30EC21B816747A7BA4C /* Pods_DJDeveloperLogTests.framework in Frameworks */ = {isa = PBXBuildFile; fileRef = 3C5B641896C332491D857442 /* Pods_DJDeveloperLogTests.framework */; };
/* End PBXBuildFile section */

/* Begin PBXContainerItemProxy section */
		1D02019D25FDF6D900FB10A2 /* PBXContainerItemProxy */ = {
			isa = PBXContainerItemProxy;
			containerPortal = 1D02017E25FDF6D800FB10A2 /* Project object */;
			proxyType = 1;
			remoteGlobalIDString = 1D02018525FDF6D800FB10A2;
			remoteInfo = DJDeveloperLog;
		};
		1D0201A825FDF6D900FB10A2 /* PBXContainerItemProxy */ = {
			isa = PBXContainerItemProxy;
			containerPortal = 1D02017E25FDF6D800FB10A2 /* Project object */;
			proxyType = 1;
			remoteGlobalIDString = 1D02018525FDF6D800FB10A2;
			remoteInfo = DJDeveloperLog;
		};
/* End PBXContainerItemProxy section */

/* Begin PBXFileReference section */
		0A21E4832608BC73003D89C6 /* DJDeveloperLog-Bridging-Header.h */ = {isa = PBXFileReference; lastKnownFileType = sourcecode.c.h; path = "DJDeveloperLog-Bridging-Header.h"; sourceTree = "<group>"; };
		0A21E4842608BC74003D89C6 /* DJPerson.h */ = {isa = PBXFileReference; lastKnownFileType = sourcecode.c.h; path = DJPerson.h; sourceTree = "<group>"; };
		0A21E4852608BC74003D89C6 /* DJPerson.m */ = {isa = PBXFileReference; lastKnownFileType = sourcecode.c.objc; path = DJPerson.m; sourceTree = "<group>"; };
		0A21E49D2608BE88003D89C6 /* Arithmetic.swift */ = {isa = PBXFileReference; lastKnownFileType = sourcecode.swift; path = Arithmetic.swift; sourceTree = "<group>"; };
		0A799C3B260D83A700213C98 /* DJView.h */ = {isa = PBXFileReference; lastKnownFileType = sourcecode.c.h; path = DJView.h; sourceTree = "<group>"; };
		0A799C3C260D83A700213C98 /* DJView.m */ = {isa = PBXFileReference; lastKnownFileType = sourcecode.c.objc; path = DJView.m; sourceTree = "<group>"; };
		0A799C41260D8A7C00213C98 /* DJButton.h */ = {isa = PBXFileReference; lastKnownFileType = sourcecode.c.h; path = DJButton.h; sourceTree = "<group>"; };
		0A799C42260D8A7C00213C98 /* DJButton.m */ = {isa = PBXFileReference; lastKnownFileType = sourcecode.c.objc; path = DJButton.m; sourceTree = "<group>"; };
		0AAB2DBD2611826B00F8B6DF /* JJSwift.swift */ = {isa = PBXFileReference; fileEncoding = 4; lastKnownFileType = sourcecode.swift; path = JJSwift.swift; sourceTree = "<group>"; };
		0AAB2DC22611839A00F8B6DF /* DJProperty.h */ = {isa = PBXFileReference; lastKnownFileType = sourcecode.c.h; path = DJProperty.h; sourceTree = "<group>"; };
		0AAB2DC32611839A00F8B6DF /* DJProperty.m */ = {isa = PBXFileReference; lastKnownFileType = sourcecode.c.objc; path = DJProperty.m; sourceTree = "<group>"; };
		0AAB2DC8261183DC00F8B6DF /* DJCategory.h */ = {isa = PBXFileReference; lastKnownFileType = sourcecode.c.h; path = DJCategory.h; sourceTree = "<group>"; };
		0AAB2DC9261183DC00F8B6DF /* DJCategory.m */ = {isa = PBXFileReference; lastKnownFileType = sourcecode.c.objc; path = DJCategory.m; sourceTree = "<group>"; };
		0AAB2DD12611843B00F8B6DF /* DJKVO.h */ = {isa = PBXFileReference; lastKnownFileType = sourcecode.c.h; path = DJKVO.h; sourceTree = "<group>"; };
		0AAB2DD22611843B00F8B6DF /* DJKVO.m */ = {isa = PBXFileReference; lastKnownFileType = sourcecode.c.objc; path = DJKVO.m; sourceTree = "<group>"; };
		0AAB2DDD2611886F00F8B6DF /* DJRuntime.m */ = {isa = PBXFileReference; fileEncoding = 4; lastKnownFileType = sourcecode.c.objc; path = DJRuntime.m; sourceTree = "<group>"; };
		0AAB2DDE2611886F00F8B6DF /* DJRuntime.h */ = {isa = PBXFileReference; fileEncoding = 4; lastKnownFileType = sourcecode.c.h; path = DJRuntime.h; sourceTree = "<group>"; };
		0AAB2DEA2611897000F8B6DF /* DJUserCenter.m */ = {isa = PBXFileReference; fileEncoding = 4; lastKnownFileType = sourcecode.c.objc; path = DJUserCenter.m; sourceTree = "<group>"; };
		0AAB2DEB2611897000F8B6DF /* DJGCD.h */ = {isa = PBXFileReference; fileEncoding = 4; lastKnownFileType = sourcecode.c.h; path = DJGCD.h; sourceTree = "<group>"; };
		0AAB2DEC2611897000F8B6DF /* DJRunLoop.h */ = {isa = PBXFileReference; fileEncoding = 4; lastKnownFileType = sourcecode.c.h; path = DJRunLoop.h; sourceTree = "<group>"; };
		0AAB2DED2611897000F8B6DF /* DJLock.h */ = {isa = PBXFileReference; fileEncoding = 4; lastKnownFileType = sourcecode.c.h; path = DJLock.h; sourceTree = "<group>"; };
		0AAB2DEE2611897000F8B6DF /* DJUserCenter.h */ = {isa = PBXFileReference; fileEncoding = 4; lastKnownFileType = sourcecode.c.h; path = DJUserCenter.h; sourceTree = "<group>"; };
		0AAB2DEF2611897000F8B6DF /* DJGCD.m */ = {isa = PBXFileReference; fileEncoding = 4; lastKnownFileType = sourcecode.c.objc; path = DJGCD.m; sourceTree = "<group>"; };
		0AAB2DF02611897000F8B6DF /* DJLock.m */ = {isa = PBXFileReference; fileEncoding = 4; lastKnownFileType = sourcecode.c.objc; path = DJLock.m; sourceTree = "<group>"; };
		0AAB2DF12611897000F8B6DF /* DJRunLoop.m */ = {isa = PBXFileReference; fileEncoding = 4; lastKnownFileType = sourcecode.c.objc; path = DJRunLoop.m; sourceTree = "<group>"; };
		0AAE1DCF2615632A005FA49F /* DJViewController.h */ = {isa = PBXFileReference; lastKnownFileType = sourcecode.c.h; path = DJViewController.h; sourceTree = "<group>"; };
		0AAE1DD02615632B005FA49F /* DJViewController.m */ = {isa = PBXFileReference; lastKnownFileType = sourcecode.c.objc; path = DJViewController.m; sourceTree = "<group>"; };
		0ADFFFB3262D74BE00EB86B8 /* CPMessageBall.m */ = {isa = PBXFileReference; fileEncoding = 4; lastKnownFileType = sourcecode.c.objc; path = CPMessageBall.m; sourceTree = "<group>"; };
		0ADFFFB4262D74BE00EB86B8 /* CPPluginScreenRecorder.h */ = {isa = PBXFileReference; fileEncoding = 4; lastKnownFileType = sourcecode.c.h; path = CPPluginScreenRecorder.h; sourceTree = "<group>"; };
		0ADFFFB5262D74BE00EB86B8 /* CPPluginScreenRecorder+DeviceInput.m */ = {isa = PBXFileReference; fileEncoding = 4; lastKnownFileType = sourcecode.c.objc; path = "CPPluginScreenRecorder+DeviceInput.m"; sourceTree = "<group>"; };
		0ADFFFB6262D74BE00EB86B8 /* CPMessageBall.h */ = {isa = PBXFileReference; fileEncoding = 4; lastKnownFileType = sourcecode.c.h; path = CPMessageBall.h; sourceTree = "<group>"; };
		0ADFFFB7262D74BE00EB86B8 /* CPPluginScreenRecorder.m */ = {isa = PBXFileReference; fileEncoding = 4; lastKnownFileType = sourcecode.c.objc; path = CPPluginScreenRecorder.m; sourceTree = "<group>"; };
		0ADFFFB8262D74BE00EB86B8 /* CPPluginScreenRecorder+DeviceInput.h */ = {isa = PBXFileReference; fileEncoding = 4; lastKnownFileType = sourcecode.c.h; path = "CPPluginScreenRecorder+DeviceInput.h"; sourceTree = "<group>"; };
		0AE563D3260D998B00B1E047 /* UIButton+HitRect.h */ = {isa = PBXFileReference; lastKnownFileType = sourcecode.c.h; path = "UIButton+HitRect.h"; sourceTree = "<group>"; };
		0AE563D4260D998B00B1E047 /* UIButton+HitRect.m */ = {isa = PBXFileReference; lastKnownFileType = sourcecode.c.objc; path = "UIButton+HitRect.m"; sourceTree = "<group>"; };
		0AE563DB260D9C3B00B1E047 /* DJBlock.h */ = {isa = PBXFileReference; lastKnownFileType = sourcecode.c.h; path = DJBlock.h; sourceTree = "<group>"; };
		0AE563DC260D9C3B00B1E047 /* DJBlock.m */ = {isa = PBXFileReference; lastKnownFileType = sourcecode.c.objc; path = DJBlock.m; sourceTree = "<group>"; };
		1D02018625FDF6D800FB10A2 /* DJDeveloperLog.app */ = {isa = PBXFileReference; explicitFileType = wrapper.application; includeInIndex = 0; path = DJDeveloperLog.app; sourceTree = BUILT_PRODUCTS_DIR; };
		1D02018925FDF6D800FB10A2 /* AppDelegate.swift */ = {isa = PBXFileReference; lastKnownFileType = sourcecode.swift; path = AppDelegate.swift; sourceTree = "<group>"; };
		1D02018B25FDF6D800FB10A2 /* SceneDelegate.swift */ = {isa = PBXFileReference; lastKnownFileType = sourcecode.swift; path = SceneDelegate.swift; sourceTree = "<group>"; };
		1D02018D25FDF6D800FB10A2 /* ViewController.swift */ = {isa = PBXFileReference; lastKnownFileType = sourcecode.swift; path = ViewController.swift; sourceTree = "<group>"; };
		1D02019025FDF6D800FB10A2 /* Base */ = {isa = PBXFileReference; lastKnownFileType = file.storyboard; name = Base; path = Base.lproj/Main.storyboard; sourceTree = "<group>"; };
		1D02019225FDF6D800FB10A2 /* Assets.xcassets */ = {isa = PBXFileReference; lastKnownFileType = folder.assetcatalog; path = Assets.xcassets; sourceTree = "<group>"; };
		1D02019525FDF6D800FB10A2 /* Base */ = {isa = PBXFileReference; lastKnownFileType = file.storyboard; name = Base; path = Base.lproj/LaunchScreen.storyboard; sourceTree = "<group>"; };
		1D02019725FDF6D800FB10A2 /* Info.plist */ = {isa = PBXFileReference; lastKnownFileType = text.plist.xml; path = Info.plist; sourceTree = "<group>"; };
		1D02019C25FDF6D900FB10A2 /* DJDeveloperLogTests.xctest */ = {isa = PBXFileReference; explicitFileType = wrapper.cfbundle; includeInIndex = 0; path = DJDeveloperLogTests.xctest; sourceTree = BUILT_PRODUCTS_DIR; };
		1D0201A025FDF6D900FB10A2 /* DJDeveloperLogTests.swift */ = {isa = PBXFileReference; lastKnownFileType = sourcecode.swift; path = DJDeveloperLogTests.swift; sourceTree = "<group>"; };
		1D0201A225FDF6D900FB10A2 /* Info.plist */ = {isa = PBXFileReference; lastKnownFileType = text.plist.xml; path = Info.plist; sourceTree = "<group>"; };
		1D0201A725FDF6D900FB10A2 /* DJDeveloperLogUITests.xctest */ = {isa = PBXFileReference; explicitFileType = wrapper.cfbundle; includeInIndex = 0; path = DJDeveloperLogUITests.xctest; sourceTree = BUILT_PRODUCTS_DIR; };
		1D0201AB25FDF6D900FB10A2 /* DJDeveloperLogUITests.swift */ = {isa = PBXFileReference; lastKnownFileType = sourcecode.swift; path = DJDeveloperLogUITests.swift; sourceTree = "<group>"; };
		1D0201AD25FDF6D900FB10A2 /* Info.plist */ = {isa = PBXFileReference; lastKnownFileType = text.plist.xml; path = Info.plist; sourceTree = "<group>"; };
		3C5B641896C332491D857442 /* Pods_DJDeveloperLogTests.framework */ = {isa = PBXFileReference; explicitFileType = wrapper.framework; includeInIndex = 0; path = Pods_DJDeveloperLogTests.framework; sourceTree = BUILT_PRODUCTS_DIR; };
		578EBC4FAEBEF4589612637A /* Pods-DJDeveloperLog-DJDeveloperLogUITests.debug.xcconfig */ = {isa = PBXFileReference; includeInIndex = 1; lastKnownFileType = text.xcconfig; name = "Pods-DJDeveloperLog-DJDeveloperLogUITests.debug.xcconfig"; path = "Target Support Files/Pods-DJDeveloperLog-DJDeveloperLogUITests/Pods-DJDeveloperLog-DJDeveloperLogUITests.debug.xcconfig"; sourceTree = "<group>"; };
		586BA63C88D98C290668F2EE /* Pods_DJDeveloperLog.framework */ = {isa = PBXFileReference; explicitFileType = wrapper.framework; includeInIndex = 0; path = Pods_DJDeveloperLog.framework; sourceTree = BUILT_PRODUCTS_DIR; };
		6B47C867CBA9524FB1AEAD3E /* Pods_DJDeveloperLog_DJDeveloperLogUITests.framework */ = {isa = PBXFileReference; explicitFileType = wrapper.framework; includeInIndex = 0; path = Pods_DJDeveloperLog_DJDeveloperLogUITests.framework; sourceTree = BUILT_PRODUCTS_DIR; };
		93A7ED2F72AE9B189E9D6877 /* Pods-DJDeveloperLog-DJDeveloperLogUITests.release.xcconfig */ = {isa = PBXFileReference; includeInIndex = 1; lastKnownFileType = text.xcconfig; name = "Pods-DJDeveloperLog-DJDeveloperLogUITests.release.xcconfig"; path = "Target Support Files/Pods-DJDeveloperLog-DJDeveloperLogUITests/Pods-DJDeveloperLog-DJDeveloperLogUITests.release.xcconfig"; sourceTree = "<group>"; };
		A0C0077CDB46D72D6D157A4A /* Pods-DJDeveloperLogTests.release.xcconfig */ = {isa = PBXFileReference; includeInIndex = 1; lastKnownFileType = text.xcconfig; name = "Pods-DJDeveloperLogTests.release.xcconfig"; path = "Target Support Files/Pods-DJDeveloperLogTests/Pods-DJDeveloperLogTests.release.xcconfig"; sourceTree = "<group>"; };
		E38D98FC86DACBA6E1C6178E /* Pods-DJDeveloperLogTests.debug.xcconfig */ = {isa = PBXFileReference; includeInIndex = 1; lastKnownFileType = text.xcconfig; name = "Pods-DJDeveloperLogTests.debug.xcconfig"; path = "Target Support Files/Pods-DJDeveloperLogTests/Pods-DJDeveloperLogTests.debug.xcconfig"; sourceTree = "<group>"; };
		E8FC2CCBAFEAF20050D5FE54 /* Pods-DJDeveloperLog.debug.xcconfig */ = {isa = PBXFileReference; includeInIndex = 1; lastKnownFileType = text.xcconfig; name = "Pods-DJDeveloperLog.debug.xcconfig"; path = "Target Support Files/Pods-DJDeveloperLog/Pods-DJDeveloperLog.debug.xcconfig"; sourceTree = "<group>"; };
		F3CC78E19C88E3209ECE9C51 /* Pods-DJDeveloperLog.release.xcconfig */ = {isa = PBXFileReference; includeInIndex = 1; lastKnownFileType = text.xcconfig; name = "Pods-DJDeveloperLog.release.xcconfig"; path = "Target Support Files/Pods-DJDeveloperLog/Pods-DJDeveloperLog.release.xcconfig"; sourceTree = "<group>"; };
/* End PBXFileReference section */

/* Begin PBXFrameworksBuildPhase section */
		1D02018325FDF6D800FB10A2 /* Frameworks */ = {
			isa = PBXFrameworksBuildPhase;
			buildActionMask = 2147483647;
			files = (
				662AB041CB48E6782A22972D /* Pods_DJDeveloperLog.framework in Frameworks */,
			);
			runOnlyForDeploymentPostprocessing = 0;
		};
		1D02019925FDF6D900FB10A2 /* Frameworks */ = {
			isa = PBXFrameworksBuildPhase;
			buildActionMask = 2147483647;
			files = (
				7310B30EC21B816747A7BA4C /* Pods_DJDeveloperLogTests.framework in Frameworks */,
			);
			runOnlyForDeploymentPostprocessing = 0;
		};
		1D0201A425FDF6D900FB10A2 /* Frameworks */ = {
			isa = PBXFrameworksBuildPhase;
			buildActionMask = 2147483647;
			files = (
				5682A1FA99B2D87DF22C1B14 /* Pods_DJDeveloperLog_DJDeveloperLogUITests.framework in Frameworks */,
			);
			runOnlyForDeploymentPostprocessing = 0;
		};
/* End PBXFrameworksBuildPhase section */

/* Begin PBXGroup section */
		0A21E48A2608BD83003D89C6 /* Test */ = {
			isa = PBXGroup;
			children = (
				0A21E4842608BC74003D89C6 /* DJPerson.h */,
				0A21E4852608BC74003D89C6 /* DJPerson.m */,
			);
			path = Test;
			sourceTree = "<group>";
		};
		0A21E49C2608BE71003D89C6 /* Arithmetic */ = {
			isa = PBXGroup;
			children = (
				0A21E49D2608BE88003D89C6 /* Arithmetic.swift */,
			);
			path = Arithmetic;
			sourceTree = "<group>";
		};
		0A799C3A260D830B00213C98 /* UI */ = {
			isa = PBXGroup;
			children = (
				0A799C3B260D83A700213C98 /* DJView.h */,
				0A799C3C260D83A700213C98 /* DJView.m */,
				0A799C41260D8A7C00213C98 /* DJButton.h */,
				0A799C42260D8A7C00213C98 /* DJButton.m */,
				0AAE1DCF2615632A005FA49F /* DJViewController.h */,
				0AAE1DD02615632B005FA49F /* DJViewController.m */,
				0AE563D3260D998B00B1E047 /* UIButton+HitRect.h */,
				0AE563D4260D998B00B1E047 /* UIButton+HitRect.m */,
			);
			path = UI;
			sourceTree = "<group>";
		};
		0AAB2DBC2611826B00F8B6DF /* Swift */ = {
			isa = PBXGroup;
			children = (
				0AAB2DBD2611826B00F8B6DF /* JJSwift.swift */,
			);
			path = Swift;
			sourceTree = "<group>";
		};
		0AAB2DE92611897000F8B6DF /* MultiThread */ = {
			isa = PBXGroup;
			children = (
				0AAB2DEB2611897000F8B6DF /* DJGCD.h */,
				0AAB2DEF2611897000F8B6DF /* DJGCD.m */,
				0AAB2DED2611897000F8B6DF /* DJLock.h */,
				0AAB2DF02611897000F8B6DF /* DJLock.m */,
				0AAB2DEE2611897000F8B6DF /* DJUserCenter.h */,
				0AAB2DEA2611897000F8B6DF /* DJUserCenter.m */,
				0AAB2DEC2611897000F8B6DF /* DJRunLoop.h */,
				0AAB2DF12611897000F8B6DF /* DJRunLoop.m */,
			);
			path = MultiThread;
			sourceTree = "<group>";
		};
		0ADFFFB2262D74BE00EB86B8 /* ScreenRecorder */ = {
			isa = PBXGroup;
			children = (
				0ADFFFB3262D74BE00EB86B8 /* CPMessageBall.m */,
				0ADFFFB4262D74BE00EB86B8 /* CPPluginScreenRecorder.h */,
				0ADFFFB5262D74BE00EB86B8 /* CPPluginScreenRecorder+DeviceInput.m */,
				0ADFFFB6262D74BE00EB86B8 /* CPMessageBall.h */,
				0ADFFFB7262D74BE00EB86B8 /* CPPluginScreenRecorder.m */,
				0ADFFFB8262D74BE00EB86B8 /* CPPluginScreenRecorder+DeviceInput.h */,
			);
			path = ScreenRecorder;
			sourceTree = "<group>";
		};
		0AE563DA260D9C0200B1E047 /* OCSpecialty */ = {
			isa = PBXGroup;
			children = (
				0AE563DB260D9C3B00B1E047 /* DJBlock.h */,
				0AE563DC260D9C3B00B1E047 /* DJBlock.m */,
				0AAB2DDE2611886F00F8B6DF /* DJRuntime.h */,
				0AAB2DDD2611886F00F8B6DF /* DJRuntime.m */,
				0AAB2DC22611839A00F8B6DF /* DJProperty.h */,
				0AAB2DC32611839A00F8B6DF /* DJProperty.m */,
				0AAB2DC8261183DC00F8B6DF /* DJCategory.h */,
				0AAB2DC9261183DC00F8B6DF /* DJCategory.m */,
				0AAB2DD12611843B00F8B6DF /* DJKVO.h */,
				0AAB2DD22611843B00F8B6DF /* DJKVO.m */,
			);
			path = OCSpecialty;
			sourceTree = "<group>";
		};
		10AAA8833FCBC6905014CE6A /* Frameworks */ = {
			isa = PBXGroup;
			children = (
				586BA63C88D98C290668F2EE /* Pods_DJDeveloperLog.framework */,
				6B47C867CBA9524FB1AEAD3E /* Pods_DJDeveloperLog_DJDeveloperLogUITests.framework */,
				3C5B641896C332491D857442 /* Pods_DJDeveloperLogTests.framework */,
			);
			name = Frameworks;
			sourceTree = "<group>";
		};
		1D02017D25FDF6D800FB10A2 = {
			isa = PBXGroup;
			children = (
				1D02018825FDF6D800FB10A2 /* DJDeveloperLog */,
				1D02019F25FDF6D900FB10A2 /* DJDeveloperLogTests */,
				1D0201AA25FDF6D900FB10A2 /* DJDeveloperLogUITests */,
				1D02018725FDF6D800FB10A2 /* Products */,
				C5F0DE04FAA9ED47F0A6A690 /* Pods */,
				10AAA8833FCBC6905014CE6A /* Frameworks */,
			);
			sourceTree = "<group>";
		};
		1D02018725FDF6D800FB10A2 /* Products */ = {
			isa = PBXGroup;
			children = (
				1D02018625FDF6D800FB10A2 /* DJDeveloperLog.app */,
				1D02019C25FDF6D900FB10A2 /* DJDeveloperLogTests.xctest */,
				1D0201A725FDF6D900FB10A2 /* DJDeveloperLogUITests.xctest */,
			);
			name = Products;
			sourceTree = "<group>";
		};
		1D02018825FDF6D800FB10A2 /* DJDeveloperLog */ = {
			isa = PBXGroup;
			children = (
				0ADFFFB2262D74BE00EB86B8 /* ScreenRecorder */,
				0AAB2DBC2611826B00F8B6DF /* Swift */,
				0A21E49C2608BE71003D89C6 /* Arithmetic */,
				0A799C3A260D830B00213C98 /* UI */,
				0AE563DA260D9C0200B1E047 /* OCSpecialty */,
				0AAB2DE92611897000F8B6DF /* MultiThread */,
				0A21E48A2608BD83003D89C6 /* Test */,
				1D02018925FDF6D800FB10A2 /* AppDelegate.swift */,
				1D02018B25FDF6D800FB10A2 /* SceneDelegate.swift */,
				1D02018D25FDF6D800FB10A2 /* ViewController.swift */,
				1D02018F25FDF6D800FB10A2 /* Main.storyboard */,
				1D02019225FDF6D800FB10A2 /* Assets.xcassets */,
				1D02019425FDF6D800FB10A2 /* LaunchScreen.storyboard */,
				1D02019725FDF6D800FB10A2 /* Info.plist */,
				0A21E4832608BC73003D89C6 /* DJDeveloperLog-Bridging-Header.h */,
			);
			path = DJDeveloperLog;
			sourceTree = "<group>";
		};
		1D02019F25FDF6D900FB10A2 /* DJDeveloperLogTests */ = {
			isa = PBXGroup;
			children = (
				1D0201A025FDF6D900FB10A2 /* DJDeveloperLogTests.swift */,
				1D0201A225FDF6D900FB10A2 /* Info.plist */,
			);
			path = DJDeveloperLogTests;
			sourceTree = "<group>";
		};
		1D0201AA25FDF6D900FB10A2 /* DJDeveloperLogUITests */ = {
			isa = PBXGroup;
			children = (
				1D0201AB25FDF6D900FB10A2 /* DJDeveloperLogUITests.swift */,
				1D0201AD25FDF6D900FB10A2 /* Info.plist */,
			);
			path = DJDeveloperLogUITests;
			sourceTree = "<group>";
		};
		C5F0DE04FAA9ED47F0A6A690 /* Pods */ = {
			isa = PBXGroup;
			children = (
				E8FC2CCBAFEAF20050D5FE54 /* Pods-DJDeveloperLog.debug.xcconfig */,
				F3CC78E19C88E3209ECE9C51 /* Pods-DJDeveloperLog.release.xcconfig */,
				578EBC4FAEBEF4589612637A /* Pods-DJDeveloperLog-DJDeveloperLogUITests.debug.xcconfig */,
				93A7ED2F72AE9B189E9D6877 /* Pods-DJDeveloperLog-DJDeveloperLogUITests.release.xcconfig */,
				E38D98FC86DACBA6E1C6178E /* Pods-DJDeveloperLogTests.debug.xcconfig */,
				A0C0077CDB46D72D6D157A4A /* Pods-DJDeveloperLogTests.release.xcconfig */,
			);
			path = Pods;
			sourceTree = "<group>";
		};
/* End PBXGroup section */

/* Begin PBXNativeTarget section */
		1D02018525FDF6D800FB10A2 /* DJDeveloperLog */ = {
			isa = PBXNativeTarget;
			buildConfigurationList = 1D0201B025FDF6D900FB10A2 /* Build configuration list for PBXNativeTarget "DJDeveloperLog" */;
			buildPhases = (
				8BB74260E8C1EEFE5E4969F8 /* [CP] Check Pods Manifest.lock */,
				1D02018225FDF6D800FB10A2 /* Sources */,
				1D02018325FDF6D800FB10A2 /* Frameworks */,
				1D02018425FDF6D800FB10A2 /* Resources */,
				82C035B6A5D992E36CDD790B /* [CP] Embed Pods Frameworks */,
			);
			buildRules = (
			);
			dependencies = (
			);
			name = DJDeveloperLog;
			productName = DJDeveloperLog;
			productReference = 1D02018625FDF6D800FB10A2 /* DJDeveloperLog.app */;
			productType = "com.apple.product-type.application";
		};
		1D02019B25FDF6D900FB10A2 /* DJDeveloperLogTests */ = {
			isa = PBXNativeTarget;
			buildConfigurationList = 1D0201B325FDF6D900FB10A2 /* Build configuration list for PBXNativeTarget "DJDeveloperLogTests" */;
			buildPhases = (
				5FF9B67DF628048622A7CF77 /* [CP] Check Pods Manifest.lock */,
				1D02019825FDF6D900FB10A2 /* Sources */,
				1D02019925FDF6D900FB10A2 /* Frameworks */,
				1D02019A25FDF6D900FB10A2 /* Resources */,
			);
			buildRules = (
			);
			dependencies = (
				1D02019E25FDF6D900FB10A2 /* PBXTargetDependency */,
			);
			name = DJDeveloperLogTests;
			productName = DJDeveloperLogTests;
			productReference = 1D02019C25FDF6D900FB10A2 /* DJDeveloperLogTests.xctest */;
			productType = "com.apple.product-type.bundle.unit-test";
		};
		1D0201A625FDF6D900FB10A2 /* DJDeveloperLogUITests */ = {
			isa = PBXNativeTarget;
			buildConfigurationList = 1D0201B625FDF6D900FB10A2 /* Build configuration list for PBXNativeTarget "DJDeveloperLogUITests" */;
			buildPhases = (
				441FD7B22DA7F9682BAEAE88 /* [CP] Check Pods Manifest.lock */,
				1D0201A325FDF6D900FB10A2 /* Sources */,
				1D0201A425FDF6D900FB10A2 /* Frameworks */,
				1D0201A525FDF6D900FB10A2 /* Resources */,
				F2B490ED3C7517B35CBC9A31 /* [CP] Embed Pods Frameworks */,
			);
			buildRules = (
			);
			dependencies = (
				1D0201A925FDF6D900FB10A2 /* PBXTargetDependency */,
			);
			name = DJDeveloperLogUITests;
			productName = DJDeveloperLogUITests;
			productReference = 1D0201A725FDF6D900FB10A2 /* DJDeveloperLogUITests.xctest */;
			productType = "com.apple.product-type.bundle.ui-testing";
		};
/* End PBXNativeTarget section */

/* Begin PBXProject section */
		1D02017E25FDF6D800FB10A2 /* Project object */ = {
			isa = PBXProject;
			attributes = {
				LastSwiftUpdateCheck = 1240;
				LastUpgradeCheck = 1240;
				TargetAttributes = {
					1D02018525FDF6D800FB10A2 = {
						CreatedOnToolsVersion = 12.4;
						LastSwiftMigration = 1240;
					};
					1D02019B25FDF6D900FB10A2 = {
						CreatedOnToolsVersion = 12.4;
						TestTargetID = 1D02018525FDF6D800FB10A2;
					};
					1D0201A625FDF6D900FB10A2 = {
						CreatedOnToolsVersion = 12.4;
						TestTargetID = 1D02018525FDF6D800FB10A2;
					};
				};
			};
			buildConfigurationList = 1D02018125FDF6D800FB10A2 /* Build configuration list for PBXProject "DJDeveloperLog" */;
			compatibilityVersion = "Xcode 9.3";
			developmentRegion = en;
			hasScannedForEncodings = 0;
			knownRegions = (
				en,
				Base,
			);
			mainGroup = 1D02017D25FDF6D800FB10A2;
			productRefGroup = 1D02018725FDF6D800FB10A2 /* Products */;
			projectDirPath = "";
			projectRoot = "";
			targets = (
				1D02018525FDF6D800FB10A2 /* DJDeveloperLog */,
				1D02019B25FDF6D900FB10A2 /* DJDeveloperLogTests */,
				1D0201A625FDF6D900FB10A2 /* DJDeveloperLogUITests */,
			);
		};
/* End PBXProject section */

/* Begin PBXResourcesBuildPhase section */
		1D02018425FDF6D800FB10A2 /* Resources */ = {
			isa = PBXResourcesBuildPhase;
			buildActionMask = 2147483647;
			files = (
				1D02019625FDF6D800FB10A2 /* LaunchScreen.storyboard in Resources */,
				1D02019325FDF6D800FB10A2 /* Assets.xcassets in Resources */,
				1D02019125FDF6D800FB10A2 /* Main.storyboard in Resources */,
			);
			runOnlyForDeploymentPostprocessing = 0;
		};
		1D02019A25FDF6D900FB10A2 /* Resources */ = {
			isa = PBXResourcesBuildPhase;
			buildActionMask = 2147483647;
			files = (
			);
			runOnlyForDeploymentPostprocessing = 0;
		};
		1D0201A525FDF6D900FB10A2 /* Resources */ = {
			isa = PBXResourcesBuildPhase;
			buildActionMask = 2147483647;
			files = (
			);
			runOnlyForDeploymentPostprocessing = 0;
		};
/* End PBXResourcesBuildPhase section */

/* Begin PBXShellScriptBuildPhase section */
		441FD7B22DA7F9682BAEAE88 /* [CP] Check Pods Manifest.lock */ = {
			isa = PBXShellScriptBuildPhase;
			buildActionMask = 2147483647;
			files = (
			);
			inputFileListPaths = (
			);
			inputPaths = (
				"${PODS_PODFILE_DIR_PATH}/Podfile.lock",
				"${PODS_ROOT}/Manifest.lock",
			);
			name = "[CP] Check Pods Manifest.lock";
			outputFileListPaths = (
			);
			outputPaths = (
				"$(DERIVED_FILE_DIR)/Pods-DJDeveloperLog-DJDeveloperLogUITests-checkManifestLockResult.txt",
			);
			runOnlyForDeploymentPostprocessing = 0;
			shellPath = /bin/sh;
			shellScript = "diff \"${PODS_PODFILE_DIR_PATH}/Podfile.lock\" \"${PODS_ROOT}/Manifest.lock\" > /dev/null\nif [ $? != 0 ] ; then\n    # print error to STDERR\n    echo \"error: The sandbox is not in sync with the Podfile.lock. Run 'pod install' or update your CocoaPods installation.\" >&2\n    exit 1\nfi\n# This output is used by Xcode 'outputs' to avoid re-running this script phase.\necho \"SUCCESS\" > \"${SCRIPT_OUTPUT_FILE_0}\"\n";
			showEnvVarsInLog = 0;
		};
		5FF9B67DF628048622A7CF77 /* [CP] Check Pods Manifest.lock */ = {
			isa = PBXShellScriptBuildPhase;
			buildActionMask = 2147483647;
			files = (
			);
			inputFileListPaths = (
			);
			inputPaths = (
				"${PODS_PODFILE_DIR_PATH}/Podfile.lock",
				"${PODS_ROOT}/Manifest.lock",
			);
			name = "[CP] Check Pods Manifest.lock";
			outputFileListPaths = (
			);
			outputPaths = (
				"$(DERIVED_FILE_DIR)/Pods-DJDeveloperLogTests-checkManifestLockResult.txt",
			);
			runOnlyForDeploymentPostprocessing = 0;
			shellPath = /bin/sh;
			shellScript = "diff \"${PODS_PODFILE_DIR_PATH}/Podfile.lock\" \"${PODS_ROOT}/Manifest.lock\" > /dev/null\nif [ $? != 0 ] ; then\n    # print error to STDERR\n    echo \"error: The sandbox is not in sync with the Podfile.lock. Run 'pod install' or update your CocoaPods installation.\" >&2\n    exit 1\nfi\n# This output is used by Xcode 'outputs' to avoid re-running this script phase.\necho \"SUCCESS\" > \"${SCRIPT_OUTPUT_FILE_0}\"\n";
			showEnvVarsInLog = 0;
		};
		82C035B6A5D992E36CDD790B /* [CP] Embed Pods Frameworks */ = {
			isa = PBXShellScriptBuildPhase;
			buildActionMask = 2147483647;
			files = (
			);
			inputFileListPaths = (
				"${PODS_ROOT}/Target Support Files/Pods-DJDeveloperLog/Pods-DJDeveloperLog-frameworks-${CONFIGURATION}-input-files.xcfilelist",
			);
			name = "[CP] Embed Pods Frameworks";
			outputFileListPaths = (
				"${PODS_ROOT}/Target Support Files/Pods-DJDeveloperLog/Pods-DJDeveloperLog-frameworks-${CONFIGURATION}-output-files.xcfilelist",
			);
			runOnlyForDeploymentPostprocessing = 0;
			shellPath = /bin/sh;
			shellScript = "\"${PODS_ROOT}/Target Support Files/Pods-DJDeveloperLog/Pods-DJDeveloperLog-frameworks.sh\"\n";
			showEnvVarsInLog = 0;
		};
		8BB74260E8C1EEFE5E4969F8 /* [CP] Check Pods Manifest.lock */ = {
			isa = PBXShellScriptBuildPhase;
			buildActionMask = 2147483647;
			files = (
			);
			inputFileListPaths = (
			);
			inputPaths = (
				"${PODS_PODFILE_DIR_PATH}/Podfile.lock",
				"${PODS_ROOT}/Manifest.lock",
			);
			name = "[CP] Check Pods Manifest.lock";
			outputFileListPaths = (
			);
			outputPaths = (
				"$(DERIVED_FILE_DIR)/Pods-DJDeveloperLog-checkManifestLockResult.txt",
			);
			runOnlyForDeploymentPostprocessing = 0;
			shellPath = /bin/sh;
			shellScript = "diff \"${PODS_PODFILE_DIR_PATH}/Podfile.lock\" \"${PODS_ROOT}/Manifest.lock\" > /dev/null\nif [ $? != 0 ] ; then\n    # print error to STDERR\n    echo \"error: The sandbox is not in sync with the Podfile.lock. Run 'pod install' or update your CocoaPods installation.\" >&2\n    exit 1\nfi\n# This output is used by Xcode 'outputs' to avoid re-running this script phase.\necho \"SUCCESS\" > \"${SCRIPT_OUTPUT_FILE_0}\"\n";
			showEnvVarsInLog = 0;
		};
		F2B490ED3C7517B35CBC9A31 /* [CP] Embed Pods Frameworks */ = {
			isa = PBXShellScriptBuildPhase;
			buildActionMask = 2147483647;
			files = (
			);
			inputFileListPaths = (
				"${PODS_ROOT}/Target Support Files/Pods-DJDeveloperLog-DJDeveloperLogUITests/Pods-DJDeveloperLog-DJDeveloperLogUITests-frameworks-${CONFIGURATION}-input-files.xcfilelist",
			);
			name = "[CP] Embed Pods Frameworks";
			outputFileListPaths = (
				"${PODS_ROOT}/Target Support Files/Pods-DJDeveloperLog-DJDeveloperLogUITests/Pods-DJDeveloperLog-DJDeveloperLogUITests-frameworks-${CONFIGURATION}-output-files.xcfilelist",
			);
			runOnlyForDeploymentPostprocessing = 0;
			shellPath = /bin/sh;
			shellScript = "\"${PODS_ROOT}/Target Support Files/Pods-DJDeveloperLog-DJDeveloperLogUITests/Pods-DJDeveloperLog-DJDeveloperLogUITests-frameworks.sh\"\n";
			showEnvVarsInLog = 0;
		};
/* End PBXShellScriptBuildPhase section */

/* Begin PBXSourcesBuildPhase section */
		1D02018225FDF6D800FB10A2 /* Sources */ = {
			isa = PBXSourcesBuildPhase;
			buildActionMask = 2147483647;
			files = (
				0AAB2DF22611897000F8B6DF /* DJUserCenter.m in Sources */,
				0AAB2DF42611897000F8B6DF /* DJLock.m in Sources */,
				0AAB2DD32611843B00F8B6DF /* DJKVO.m in Sources */,
				0AAE1DD12615632B005FA49F /* DJViewController.m in Sources */,
				0AAB2DC42611839A00F8B6DF /* DJProperty.m in Sources */,
				0AAB2DBE2611826B00F8B6DF /* JJSwift.swift in Sources */,
				0AAB2DF52611897000F8B6DF /* DJRunLoop.m in Sources */,
				0AAB2DF32611897000F8B6DF /* DJGCD.m in Sources */,
				1D02018E25FDF6D800FB10A2 /* ViewController.swift in Sources */,
				0AAB2DDF2611886F00F8B6DF /* DJRuntime.m in Sources */,
				1D02018A25FDF6D800FB10A2 /* AppDelegate.swift in Sources */,
				0ADFFFBB262D74BE00EB86B8 /* CPPluginScreenRecorder.m in Sources */,
				0A21E4862608BC74003D89C6 /* DJPerson.m in Sources */,
				0ADFFFBA262D74BE00EB86B8 /* CPPluginScreenRecorder+DeviceInput.m in Sources */,
				0A799C43260D8A7D00213C98 /* DJButton.m in Sources */,
				0ADFFFB9262D74BE00EB86B8 /* CPMessageBall.m in Sources */,
				0A799C3D260D83A700213C98 /* DJView.m in Sources */,
				1D02018C25FDF6D800FB10A2 /* SceneDelegate.swift in Sources */,
				0A21E49E2608BE88003D89C6 /* Arithmetic.swift in Sources */,
				0AAB2DCA261183DC00F8B6DF /* DJCategory.m in Sources */,
				0AE563D5260D998B00B1E047 /* UIButton+HitRect.m in Sources */,
				0AE563DD260D9C3B00B1E047 /* DJBlock.m in Sources */,
			);
			runOnlyForDeploymentPostprocessing = 0;
		};
		1D02019825FDF6D900FB10A2 /* Sources */ = {
			isa = PBXSourcesBuildPhase;
			buildActionMask = 2147483647;
			files = (
				1D0201A125FDF6D900FB10A2 /* DJDeveloperLogTests.swift in Sources */,
			);
			runOnlyForDeploymentPostprocessing = 0;
		};
		1D0201A325FDF6D900FB10A2 /* Sources */ = {
			isa = PBXSourcesBuildPhase;
			buildActionMask = 2147483647;
			files = (
				1D0201AC25FDF6D900FB10A2 /* DJDeveloperLogUITests.swift in Sources */,
			);
			runOnlyForDeploymentPostprocessing = 0;
		};
/* End PBXSourcesBuildPhase section */

/* Begin PBXTargetDependency section */
		1D02019E25FDF6D900FB10A2 /* PBXTargetDependency */ = {
			isa = PBXTargetDependency;
			target = 1D02018525FDF6D800FB10A2 /* DJDeveloperLog */;
			targetProxy = 1D02019D25FDF6D900FB10A2 /* PBXContainerItemProxy */;
		};
		1D0201A925FDF6D900FB10A2 /* PBXTargetDependency */ = {
			isa = PBXTargetDependency;
			target = 1D02018525FDF6D800FB10A2 /* DJDeveloperLog */;
			targetProxy = 1D0201A825FDF6D900FB10A2 /* PBXContainerItemProxy */;
		};
/* End PBXTargetDependency section */

/* Begin PBXVariantGroup section */
		1D02018F25FDF6D800FB10A2 /* Main.storyboard */ = {
			isa = PBXVariantGroup;
			children = (
				1D02019025FDF6D800FB10A2 /* Base */,
			);
			name = Main.storyboard;
			sourceTree = "<group>";
		};
		1D02019425FDF6D800FB10A2 /* LaunchScreen.storyboard */ = {
			isa = PBXVariantGroup;
			children = (
				1D02019525FDF6D800FB10A2 /* Base */,
			);
			name = LaunchScreen.storyboard;
			sourceTree = "<group>";
		};
/* End PBXVariantGroup section */

/* Begin XCBuildConfiguration section */
		1D0201AE25FDF6D900FB10A2 /* Debug */ = {
			isa = XCBuildConfiguration;
			buildSettings = {
				ALWAYS_SEARCH_USER_PATHS = NO;
				CLANG_ANALYZER_NONNULL = YES;
				CLANG_ANALYZER_NUMBER_OBJECT_CONVERSION = YES_AGGRESSIVE;
				CLANG_CXX_LANGUAGE_STANDARD = "gnu++14";
				CLANG_CXX_LIBRARY = "libc++";
				CLANG_ENABLE_MODULES = YES;
				CLANG_ENABLE_OBJC_ARC = YES;
				CLANG_ENABLE_OBJC_WEAK = YES;
				CLANG_WARN_BLOCK_CAPTURE_AUTORELEASING = YES;
				CLANG_WARN_BOOL_CONVERSION = YES;
				CLANG_WARN_COMMA = YES;
				CLANG_WARN_CONSTANT_CONVERSION = YES;
				CLANG_WARN_DEPRECATED_OBJC_IMPLEMENTATIONS = YES;
				CLANG_WARN_DIRECT_OBJC_ISA_USAGE = YES_ERROR;
				CLANG_WARN_DOCUMENTATION_COMMENTS = YES;
				CLANG_WARN_EMPTY_BODY = YES;
				CLANG_WARN_ENUM_CONVERSION = YES;
				CLANG_WARN_INFINITE_RECURSION = YES;
				CLANG_WARN_INT_CONVERSION = YES;
				CLANG_WARN_NON_LITERAL_NULL_CONVERSION = YES;
				CLANG_WARN_OBJC_IMPLICIT_RETAIN_SELF = YES;
				CLANG_WARN_OBJC_LITERAL_CONVERSION = YES;
				CLANG_WARN_OBJC_ROOT_CLASS = YES_ERROR;
				CLANG_WARN_QUOTED_INCLUDE_IN_FRAMEWORK_HEADER = YES;
				CLANG_WARN_RANGE_LOOP_ANALYSIS = YES;
				CLANG_WARN_STRICT_PROTOTYPES = YES;
				CLANG_WARN_SUSPICIOUS_MOVE = YES;
				CLANG_WARN_UNGUARDED_AVAILABILITY = YES_AGGRESSIVE;
				CLANG_WARN_UNREACHABLE_CODE = YES;
				CLANG_WARN__DUPLICATE_METHOD_MATCH = YES;
				COPY_PHASE_STRIP = NO;
				DEBUG_INFORMATION_FORMAT = dwarf;
				ENABLE_STRICT_OBJC_MSGSEND = YES;
				ENABLE_TESTABILITY = YES;
				GCC_C_LANGUAGE_STANDARD = gnu11;
				GCC_DYNAMIC_NO_PIC = NO;
				GCC_NO_COMMON_BLOCKS = YES;
				GCC_OPTIMIZATION_LEVEL = 0;
				GCC_PREPROCESSOR_DEFINITIONS = (
					"DEBUG=1",
					"$(inherited)",
				);
				GCC_WARN_64_TO_32_BIT_CONVERSION = YES;
				GCC_WARN_ABOUT_RETURN_TYPE = YES_ERROR;
				GCC_WARN_UNDECLARED_SELECTOR = YES;
				GCC_WARN_UNINITIALIZED_AUTOS = YES_AGGRESSIVE;
				GCC_WARN_UNUSED_FUNCTION = YES;
				GCC_WARN_UNUSED_VARIABLE = YES;
				IPHONEOS_DEPLOYMENT_TARGET = 14.4;
				MTL_ENABLE_DEBUG_INFO = INCLUDE_SOURCE;
				MTL_FAST_MATH = YES;
				ONLY_ACTIVE_ARCH = YES;
				SDKROOT = iphoneos;
				SWIFT_ACTIVE_COMPILATION_CONDITIONS = DEBUG;
				SWIFT_OPTIMIZATION_LEVEL = "-Onone";
			};
			name = Debug;
		};
		1D0201AF25FDF6D900FB10A2 /* Release */ = {
			isa = XCBuildConfiguration;
			buildSettings = {
				ALWAYS_SEARCH_USER_PATHS = NO;
				CLANG_ANALYZER_NONNULL = YES;
				CLANG_ANALYZER_NUMBER_OBJECT_CONVERSION = YES_AGGRESSIVE;
				CLANG_CXX_LANGUAGE_STANDARD = "gnu++14";
				CLANG_CXX_LIBRARY = "libc++";
				CLANG_ENABLE_MODULES = YES;
				CLANG_ENABLE_OBJC_ARC = YES;
				CLANG_ENABLE_OBJC_WEAK = YES;
				CLANG_WARN_BLOCK_CAPTURE_AUTORELEASING = YES;
				CLANG_WARN_BOOL_CONVERSION = YES;
				CLANG_WARN_COMMA = YES;
				CLANG_WARN_CONSTANT_CONVERSION = YES;
				CLANG_WARN_DEPRECATED_OBJC_IMPLEMENTATIONS = YES;
				CLANG_WARN_DIRECT_OBJC_ISA_USAGE = YES_ERROR;
				CLANG_WARN_DOCUMENTATION_COMMENTS = YES;
				CLANG_WARN_EMPTY_BODY = YES;
				CLANG_WARN_ENUM_CONVERSION = YES;
				CLANG_WARN_INFINITE_RECURSION = YES;
				CLANG_WARN_INT_CONVERSION = YES;
				CLANG_WARN_NON_LITERAL_NULL_CONVERSION = YES;
				CLANG_WARN_OBJC_IMPLICIT_RETAIN_SELF = YES;
				CLANG_WARN_OBJC_LITERAL_CONVERSION = YES;
				CLANG_WARN_OBJC_ROOT_CLASS = YES_ERROR;
				CLANG_WARN_QUOTED_INCLUDE_IN_FRAMEWORK_HEADER = YES;
				CLANG_WARN_RANGE_LOOP_ANALYSIS = YES;
				CLANG_WARN_STRICT_PROTOTYPES = YES;
				CLANG_WARN_SUSPICIOUS_MOVE = YES;
				CLANG_WARN_UNGUARDED_AVAILABILITY = YES_AGGRESSIVE;
				CLANG_WARN_UNREACHABLE_CODE = YES;
				CLANG_WARN__DUPLICATE_METHOD_MATCH = YES;
				COPY_PHASE_STRIP = NO;
				DEBUG_INFORMATION_FORMAT = "dwarf-with-dsym";
				ENABLE_NS_ASSERTIONS = NO;
				ENABLE_STRICT_OBJC_MSGSEND = YES;
				GCC_C_LANGUAGE_STANDARD = gnu11;
				GCC_NO_COMMON_BLOCKS = YES;
				GCC_WARN_64_TO_32_BIT_CONVERSION = YES;
				GCC_WARN_ABOUT_RETURN_TYPE = YES_ERROR;
				GCC_WARN_UNDECLARED_SELECTOR = YES;
				GCC_WARN_UNINITIALIZED_AUTOS = YES_AGGRESSIVE;
				GCC_WARN_UNUSED_FUNCTION = YES;
				GCC_WARN_UNUSED_VARIABLE = YES;
				IPHONEOS_DEPLOYMENT_TARGET = 14.4;
				MTL_ENABLE_DEBUG_INFO = NO;
				MTL_FAST_MATH = YES;
				SDKROOT = iphoneos;
				SWIFT_COMPILATION_MODE = wholemodule;
				SWIFT_OPTIMIZATION_LEVEL = "-O";
				VALIDATE_PRODUCT = YES;
			};
			name = Release;
		};
		1D0201B125FDF6D900FB10A2 /* Debug */ = {
			isa = XCBuildConfiguration;
			baseConfigurationReference = E8FC2CCBAFEAF20050D5FE54 /* Pods-DJDeveloperLog.debug.xcconfig */;
			buildSettings = {
				ASSETCATALOG_COMPILER_APPICON_NAME = AppIcon;
				ASSETCATALOG_COMPILER_GLOBAL_ACCENT_COLOR_NAME = AccentColor;
				CLANG_ENABLE_MODULES = YES;
				CODE_SIGN_STYLE = Automatic;
				DEVELOPMENT_TEAM = YSUX84SD9U;
				INFOPLIST_FILE = DJDeveloperLog/Info.plist;
				LD_RUNPATH_SEARCH_PATHS = (
					"$(inherited)",
					"@executable_path/Frameworks",
				);
				PRODUCT_BUNDLE_IDENTIFIER = haojiajia.DJDeveloperLog;
				PRODUCT_NAME = "$(TARGET_NAME)";
				SWIFT_OBJC_BRIDGING_HEADER = "DJDeveloperLog/DJDeveloperLog-Bridging-Header.h";
				SWIFT_OPTIMIZATION_LEVEL = "-Onone";
				SWIFT_VERSION = 5.0;
				TARGETED_DEVICE_FAMILY = "1,2";
			};
			name = Debug;
		};
		1D0201B225FDF6D900FB10A2 /* Release */ = {
			isa = XCBuildConfiguration;
			baseConfigurationReference = F3CC78E19C88E3209ECE9C51 /* Pods-DJDeveloperLog.release.xcconfig */;
			buildSettings = {
				ASSETCATALOG_COMPILER_APPICON_NAME = AppIcon;
				ASSETCATALOG_COMPILER_GLOBAL_ACCENT_COLOR_NAME = AccentColor;
				CLANG_ENABLE_MODULES = YES;
				CODE_SIGN_STYLE = Automatic;
				DEVELOPMENT_TEAM = YSUX84SD9U;
				INFOPLIST_FILE = DJDeveloperLog/Info.plist;
				LD_RUNPATH_SEARCH_PATHS = (
					"$(inherited)",
					"@executable_path/Frameworks",
				);
				PRODUCT_BUNDLE_IDENTIFIER = haojiajia.DJDeveloperLog;
				PRODUCT_NAME = "$(TARGET_NAME)";
				SWIFT_OBJC_BRIDGING_HEADER = "DJDeveloperLog/DJDeveloperLog-Bridging-Header.h";
				SWIFT_VERSION = 5.0;
				TARGETED_DEVICE_FAMILY = "1,2";
			};
			name = Release;
		};
		1D0201B425FDF6D900FB10A2 /* Debug */ = {
			isa = XCBuildConfiguration;
			baseConfigurationReference = E38D98FC86DACBA6E1C6178E /* Pods-DJDeveloperLogTests.debug.xcconfig */;
			buildSettings = {
				ALWAYS_EMBED_SWIFT_STANDARD_LIBRARIES = YES;
				BUNDLE_LOADER = "$(TEST_HOST)";
				CODE_SIGN_STYLE = Automatic;
				DEVELOPMENT_TEAM = YSUX84SD9U;
				INFOPLIST_FILE = DJDeveloperLogTests/Info.plist;
				IPHONEOS_DEPLOYMENT_TARGET = 14.4;
				LD_RUNPATH_SEARCH_PATHS = (
					"$(inherited)",
					"@executable_path/Frameworks",
					"@loader_path/Frameworks",
				);
				PRODUCT_BUNDLE_IDENTIFIER = haojiajia.DJDeveloperLogTests;
				PRODUCT_NAME = "$(TARGET_NAME)";
				SWIFT_VERSION = 5.0;
				TARGETED_DEVICE_FAMILY = "1,2";
				TEST_HOST = "$(BUILT_PRODUCTS_DIR)/DJDeveloperLog.app/DJDeveloperLog";
			};
			name = Debug;
		};
		1D0201B525FDF6D900FB10A2 /* Release */ = {
			isa = XCBuildConfiguration;
			baseConfigurationReference = A0C0077CDB46D72D6D157A4A /* Pods-DJDeveloperLogTests.release.xcconfig */;
			buildSettings = {
				ALWAYS_EMBED_SWIFT_STANDARD_LIBRARIES = YES;
				BUNDLE_LOADER = "$(TEST_HOST)";
				CODE_SIGN_STYLE = Automatic;
				DEVELOPMENT_TEAM = YSUX84SD9U;
				INFOPLIST_FILE = DJDeveloperLogTests/Info.plist;
				IPHONEOS_DEPLOYMENT_TARGET = 14.4;
				LD_RUNPATH_SEARCH_PATHS = (
					"$(inherited)",
					"@executable_path/Frameworks",
					"@loader_path/Frameworks",
				);
				PRODUCT_BUNDLE_IDENTIFIER = haojiajia.DJDeveloperLogTests;
				PRODUCT_NAME = "$(TARGET_NAME)";
				SWIFT_VERSION = 5.0;
				TARGETED_DEVICE_FAMILY = "1,2";
				TEST_HOST = "$(BUILT_PRODUCTS_DIR)/DJDeveloperLog.app/DJDeveloperLog";
			};
			name = Release;
		};
		1D0201B725FDF6D900FB10A2 /* Debug */ = {
			isa = XCBuildConfiguration;
			baseConfigurationReference = 578EBC4FAEBEF4589612637A /* Pods-DJDeveloperLog-DJDeveloperLogUITests.debug.xcconfig */;
			buildSettings = {
				ALWAYS_EMBED_SWIFT_STANDARD_LIBRARIES = YES;
				CODE_SIGN_STYLE = Automatic;
				DEVELOPMENT_TEAM = YSUX84SD9U;
				INFOPLIST_FILE = DJDeveloperLogUITests/Info.plist;
				LD_RUNPATH_SEARCH_PATHS = (
					"$(inherited)",
					"@executable_path/Frameworks",
					"@loader_path/Frameworks",
				);
				PRODUCT_BUNDLE_IDENTIFIER = haojiajia.DJDeveloperLogUITests;
				PRODUCT_NAME = "$(TARGET_NAME)";
				SWIFT_VERSION = 5.0;
				TARGETED_DEVICE_FAMILY = "1,2";
				TEST_TARGET_NAME = DJDeveloperLog;
			};
			name = Debug;
		};
		1D0201B825FDF6D900FB10A2 /* Release */ = {
			isa = XCBuildConfiguration;
			baseConfigurationReference = 93A7ED2F72AE9B189E9D6877 /* Pods-DJDeveloperLog-DJDeveloperLogUITests.release.xcconfig */;
			buildSettings = {
				ALWAYS_EMBED_SWIFT_STANDARD_LIBRARIES = YES;
				CODE_SIGN_STYLE = Automatic;
				DEVELOPMENT_TEAM = YSUX84SD9U;
				INFOPLIST_FILE = DJDeveloperLogUITests/Info.plist;
				LD_RUNPATH_SEARCH_PATHS = (
					"$(inherited)",
					"@executable_path/Frameworks",
					"@loader_path/Frameworks",
				);
				PRODUCT_BUNDLE_IDENTIFIER = haojiajia.DJDeveloperLogUITests;
				PRODUCT_NAME = "$(TARGET_NAME)";
				SWIFT_VERSION = 5.0;
				TARGETED_DEVICE_FAMILY = "1,2";
				TEST_TARGET_NAME = DJDeveloperLog;
			};
			name = Release;
		};
/* End XCBuildConfiguration section */

/* Begin XCConfigurationList section */
		1D02018125FDF6D800FB10A2 /* Build configuration list for PBXProject "DJDeveloperLog" */ = {
			isa = XCConfigurationList;
			buildConfigurations = (
				1D0201AE25FDF6D900FB10A2 /* Debug */,
				1D0201AF25FDF6D900FB10A2 /* Release */,
			);
			defaultConfigurationIsVisible = 0;
			defaultConfigurationName = Release;
		};
		1D0201B025FDF6D900FB10A2 /* Build configuration list for PBXNativeTarget "DJDeveloperLog" */ = {
			isa = XCConfigurationList;
			buildConfigurations = (
				1D0201B125FDF6D900FB10A2 /* Debug */,
				1D0201B225FDF6D900FB10A2 /* Release */,
			);
			defaultConfigurationIsVisible = 0;
			defaultConfigurationName = Release;
		};
		1D0201B325FDF6D900FB10A2 /* Build configuration list for PBXNativeTarget "DJDeveloperLogTests" */ = {
			isa = XCConfigurationList;
			buildConfigurations = (
				1D0201B425FDF6D900FB10A2 /* Debug */,
				1D0201B525FDF6D900FB10A2 /* Release */,
			);
			defaultConfigurationIsVisible = 0;
			defaultConfigurationName = Release;
		};
		1D0201B625FDF6D900FB10A2 /* Build configuration list for PBXNativeTarget "DJDeveloperLogUITests" */ = {
			isa = XCConfigurationList;
			buildConfigurations = (
				1D0201B725FDF6D900FB10A2 /* Debug */,
				1D0201B825FDF6D900FB10A2 /* Release */,
			);
			defaultConfigurationIsVisible = 0;
			defaultConfigurationName = Release;
		};
/* End XCConfigurationList section */
	};
	rootObject = 1D02017E25FDF6D800FB10A2 /* Project object */;
}
